
Microsoft Visual Studio Solution File, Format Version 12.00
# Visual Studio Version 16
VisualStudioVersion = 16.0.31911.196
MinimumVisualStudioVersion = 10.0.40219.1
Project("{FAE04EC0-301F-11D3-BF4B-00C04F79EFBC}") = "Ideas_Bank", "Ideas_Bank\Ideas_Bank.csproj", "{0B870A4F-A251-409C-BCC3-C7D4CD092B19}"
EndProject
Global
	GlobalSection(SolutionConfigurationPlatforms) = preSolution
		Debug|Any CPU = Debug|Any CPU
		Release|Any CPU = Release|Any CPU
	EndGlobalSection
	GlobalSection(ProjectConfigurationPlatforms) = postSolution
		{0B870A4F-A251-409C-BCC3-C7D4CD092B19}.Debug|Any CPU.ActiveCfg = Debug|Any CPU
		{0B870A4F-A251-409C-BCC3-C7D4CD092B19}.Debug|Any CPU.Build.0 = Debug|Any CPU
		{0B870A4F-A251-409C-BCC3-C7D4CD092B19}.Release|Any CPU.ActiveCfg = Release|Any CPU
		{0B870A4F-A251-409C-BCC3-C7D4CD092B19}.Release|Any CPU.Build.0 = Release|Any CPU
	EndGlobalSection
	GlobalSection(SolutionProperties) = preSolution
		HideSolutionNode = FALSE
	EndGlobalSection
	GlobalSection(ExtensibilityGlobals) = postSolution
		SolutionGuid = {384011F3-9238-461B-8A75-0AF94C249AFD}
	EndGlobalSection
EndGlobal
